
Microsoft Visual Studio Solution File, Format Version 12.00
# Visual Studio Version 17
VisualStudioVersion = 17.5.33424.131
MinimumVisualStudioVersion = 10.0.40219.1
Project("{8BC9CEB8-8B4A-11D0-8D11-00A0C91BC942}") = "MbrStatic", "MbStatic\MbStatic.vcxproj", "{C959BF57-A222-453D-9C5D-D37436E5B016}"
EndProject
Project("{8BC9CEB8-8B4A-11D0-8D11-00A0C91BC942}") = "MbrStaticFunc", "MbrStaticFunc\MbrStaticFunc.vcxproj", "{89085F8F-2BA1-4413-B815-3FB2DB84F754}"
EndProject
Global
	GlobalSection(SolutionConfigurationPlatforms) = preSolution
		Debug|x64 = Debug|x64
		Debug|x86 = Debug|x86
		Release|x64 = Release|x64
		Release|x86 = Release|x86
	EndGlobalSection
	GlobalSection(ProjectConfigurationPlatforms) = postSolution
		{C959BF57-A222-453D-9C5D-D37436E5B016}.Debug|x64.ActiveCfg = Debug|x64
		{C959BF57-A222-453D-9C5D-D37436E5B016}.Debug|x64.Build.0 = Debug|x64
		{C959BF57-A222-453D-9C5D-D37436E5B016}.Debug|x86.ActiveCfg = Debug|Win32
		{C959BF57-A222-453D-9C5D-D37436E5B016}.Debug|x86.Build.0 = Debug|Win32
		{C959BF57-A222-453D-9C5D-D37436E5B016}.Release|x64.ActiveCfg = Release|x64
		{C959BF57-A222-453D-9C5D-D37436E5B016}.Release|x64.Build.0 = Release|x64
		{C959BF57-A222-453D-9C5D-D37436E5B016}.Release|x86.ActiveCfg = Release|Win32
		{C959BF57-A222-453D-9C5D-D37436E5B016}.Release|x86.Build.0 = Release|Win32
		{89085F8F-2BA1-4413-B815-3FB2DB84F754}.Debug|x64.ActiveCfg = Debug|x64
		{89085F8F-2BA1-4413-B815-3FB2DB84F754}.Debug|x64.Build.0 = Debug|x64
		{89085F8F-2BA1-4413-B815-3FB2DB84F754}.Debug|x86.ActiveCfg = Debug|Win32
		{89085F8F-2BA1-4413-B815-3FB2DB84F754}.Debug|x86.Build.0 = Debug|Win32
		{89085F8F-2BA1-4413-B815-3FB2DB84F754}.Release|x64.ActiveCfg = Release|x64
		{89085F8F-2BA1-4413-B815-3FB2DB84F754}.Release|x64.Build.0 = Release|x64
		{89085F8F-2BA1-4413-B815-3FB2DB84F754}.Release|x86.ActiveCfg = Release|Win32
		{89085F8F-2BA1-4413-B815-3FB2DB84F754}.Release|x86.Build.0 = Release|Win32
	EndGlobalSection
	GlobalSection(SolutionProperties) = preSolution
		HideSolutionNode = FALSE
	EndGlobalSection
	GlobalSection(ExtensibilityGlobals) = postSolution
		SolutionGuid = {3D27DE65-964C-4B8A-95FB-C3C3470B1962}
	EndGlobalSection
EndGlobal
